// !$*UTF8*$!
{
	archiveVersion = 1;
	classes = {
	};
	objectVersion = 55;
	objects = {

/* Begin PBXBuildFile section */
		8157DEAD27B458A500652B59 /* RockPaperScissorsApp.swift in Sources */ = {isa = PBXBuildFile; fileRef = 8157DEAC27B458A500652B59 /* RockPaperScissorsApp.swift */; };
		8157DEAF27B458A500652B59 /* ContentView.swift in Sources */ = {isa = PBXBuildFile; fileRef = 8157DEAE27B458A500652B59 /* ContentView.swift */; };
		8157DEB127B458A600652B59 /* Assets.xcassets in Resources */ = {isa = PBXBuildFile; fileRef = 8157DEB027B458A600652B59 /* Assets.xcassets */; };
		8157DEB427B458A600652B59 /* Preview Assets.xcassets in Resources */ = {isa = PBXBuildFile; fileRef = 8157DEB327B458A600652B59 /* Preview Assets.xcassets */; };
		8157DEBF27B4654200652B59 /* Image.swift in Sources */ = {isa = PBXBuildFile; fileRef = 8157DEBE27B4654200652B59 /* Image.swift */; };
		8157DEC127B5918500652B59 /* Color.swift in Sources */ = {isa = PBXBuildFile; fileRef = 8157DEC027B5918500652B59 /* Color.swift */; };
		8157DEC327B5B32C00652B59 /* ResultMessageView.swift in Sources */ = {isa = PBXBuildFile; fileRef = 8157DEC227B5B32C00652B59 /* ResultMessageView.swift */; };
		8157DEC727B5C81A00652B59 /* Enums&Structs.swift in Sources */ = {isa = PBXBuildFile; fileRef = 8157DEC627B5C81A00652B59 /* Enums&Structs.swift */; };
		816D77DD27B6BAF300E22E65 /* ContentModel.swift in Sources */ = {isa = PBXBuildFile; fileRef = 816D77DC27B6BAF300E22E65 /* ContentModel.swift */; };
		816D77DF27B6E18700E22E65 /* Double.swift in Sources */ = {isa = PBXBuildFile; fileRef = 816D77DE27B6E18700E22E65 /* Double.swift */; };
		816D77E327B7037300E22E65 /* LaunchScreen.storyboard in Resources */ = {isa = PBXBuildFile; fileRef = 816D77E227B7037300E22E65 /* LaunchScreen.storyboard */; };
		816D77E527B8018700E22E65 /* InitialGameView.swift in Sources */ = {isa = PBXBuildFile; fileRef = 816D77E427B8018700E22E65 /* InitialGameView.swift */; };
		816D77E727B804A700E22E65 /* Modifiers.swift in Sources */ = {isa = PBXBuildFile; fileRef = 816D77E627B804A700E22E65 /* Modifiers.swift */; };
		816D77E927B805C900E22E65 /* View.swift in Sources */ = {isa = PBXBuildFile; fileRef = 816D77E827B805C900E22E65 /* View.swift */; };
/* End PBXBuildFile section */

/* Begin PBXFileReference section */
		8157DEA927B458A500652B59 /* RockPaper.app */ = {isa = PBXFileReference; explicitFileType = wrapper.application; includeInIndex = 0; path = RockPaper.app; sourceTree = BUILT_PRODUCTS_DIR; };
		8157DEAC27B458A500652B59 /* RockPaperScissorsApp.swift */ = {isa = PBXFileReference; lastKnownFileType = sourcecode.swift; path = RockPaperScissorsApp.swift; sourceTree = "<group>"; };
		8157DEAE27B458A500652B59 /* ContentView.swift */ = {isa = PBXFileReference; lastKnownFileType = sourcecode.swift; path = ContentView.swift; sourceTree = "<group>"; };
		8157DEB027B458A600652B59 /* Assets.xcassets */ = {isa = PBXFileReference; lastKnownFileType = folder.assetcatalog; path = Assets.xcassets; sourceTree = "<group>"; };
		8157DEB327B458A600652B59 /* Preview Assets.xcassets */ = {isa = PBXFileReference; lastKnownFileType = folder.assetcatalog; path = "Preview Assets.xcassets"; sourceTree = "<group>"; };
		8157DEBE27B4654200652B59 /* Image.swift */ = {isa = PBXFileReference; lastKnownFileType = sourcecode.swift; path = Image.swift; sourceTree = "<group>"; };
		8157DEC027B5918500652B59 /* Color.swift */ = {isa = PBXFileReference; lastKnownFileType = sourcecode.swift; path = Color.swift; sourceTree = "<group>"; };
		8157DEC227B5B32C00652B59 /* ResultMessageView.swift */ = {isa = PBXFileReference; lastKnownFileType = sourcecode.swift; path = ResultMessageView.swift; sourceTree = "<group>"; };
		8157DEC627B5C81A00652B59 /* Enums&Structs.swift */ = {isa = PBXFileReference; lastKnownFileType = sourcecode.swift; path = "Enums&Structs.swift"; sourceTree = "<group>"; };
		816D77DC27B6BAF300E22E65 /* ContentModel.swift */ = {isa = PBXFileReference; lastKnownFileType = sourcecode.swift; path = ContentModel.swift; sourceTree = "<group>"; };
		816D77DE27B6E18700E22E65 /* Double.swift */ = {isa = PBXFileReference; lastKnownFileType = sourcecode.swift; path = Double.swift; sourceTree = "<group>"; };
		816D77E227B7037300E22E65 /* LaunchScreen.storyboard */ = {isa = PBXFileReference; lastKnownFileType = file.storyboard; path = LaunchScreen.storyboard; sourceTree = "<group>"; };
		816D77E427B8018700E22E65 /* InitialGameView.swift */ = {isa = PBXFileReference; lastKnownFileType = sourcecode.swift; path = InitialGameView.swift; sourceTree = "<group>"; };
		816D77E627B804A700E22E65 /* Modifiers.swift */ = {isa = PBXFileReference; lastKnownFileType = sourcecode.swift; path = Modifiers.swift; sourceTree = "<group>"; };
		816D77E827B805C900E22E65 /* View.swift */ = {isa = PBXFileReference; lastKnownFileType = sourcecode.swift; path = View.swift; sourceTree = "<group>"; };
/* End PBXFileReference section */

/* Begin PBXFrameworksBuildPhase section */
		8157DEA627B458A500652B59 /* Frameworks */ = {
			isa = PBXFrameworksBuildPhase;
			buildActionMask = 2147483647;
			files = (
			);
			runOnlyForDeploymentPostprocessing = 0;
		};
/* End PBXFrameworksBuildPhase section */

/* Begin PBXGroup section */
		8157DEA027B458A500652B59 = {
			isa = PBXGroup;
			children = (
				8157DEAB27B458A500652B59 /* RockPaperScissors */,
				8157DEAA27B458A500652B59 /* Products */,
			);
			sourceTree = "<group>";
		};
		8157DEAA27B458A500652B59 /* Products */ = {
			isa = PBXGroup;
			children = (
				8157DEA927B458A500652B59 /* RockPaper.app */,
			);
			name = Products;
			sourceTree = "<group>";
		};
		8157DEAB27B458A500652B59 /* RockPaperScissors */ = {
			isa = PBXGroup;
			children = (
				8157DEAC27B458A500652B59 /* RockPaperScissorsApp.swift */,
				8157DEBA27B463C700652B59 /* Helpers */,
				8157DEBD27B4653300652B59 /* Extensions */,
				816D77DB27B6BAAB00E22E65 /* ViewModels */,
				816D77DA27B6BA7D00E22E65 /* Views */,
				816D77E227B7037300E22E65 /* LaunchScreen.storyboard */,
				8157DEB027B458A600652B59 /* Assets.xcassets */,
				8157DEB227B458A600652B59 /* Preview Content */,
			);
			path = RockPaperScissors;
			sourceTree = "<group>";
		};
		8157DEB227B458A600652B59 /* Preview Content */ = {
			isa = PBXGroup;
			children = (
				8157DEB327B458A600652B59 /* Preview Assets.xcassets */,
			);
			path = "Preview Content";
			sourceTree = "<group>";
		};
		8157DEBA27B463C700652B59 /* Helpers */ = {
			isa = PBXGroup;
			children = (
				8157DEC627B5C81A00652B59 /* Enums&Structs.swift */,
				816D77E627B804A700E22E65 /* Modifiers.swift */,
			);
			path = Helpers;
			sourceTree = "<group>";
		};
		8157DEBD27B4653300652B59 /* Extensions */ = {
			isa = PBXGroup;
			children = (
				8157DEBE27B4654200652B59 /* Image.swift */,
				8157DEC027B5918500652B59 /* Color.swift */,
				816D77DE27B6E18700E22E65 /* Double.swift */,
				816D77E827B805C900E22E65 /* View.swift */,
			);
			path = Extensions;
			sourceTree = "<group>";
		};
		816D77DA27B6BA7D00E22E65 /* Views */ = {
			isa = PBXGroup;
			children = (
				8157DEAE27B458A500652B59 /* ContentView.swift */,
				8157DEC227B5B32C00652B59 /* ResultMessageView.swift */,
				816D77E427B8018700E22E65 /* InitialGameView.swift */,
			);
			path = Views;
			sourceTree = "<group>";
		};
		816D77DB27B6BAAB00E22E65 /* ViewModels */ = {
			isa = PBXGroup;
			children = (
				816D77DC27B6BAF300E22E65 /* ContentModel.swift */,
			);
			path = ViewModels;
			sourceTree = "<group>";
		};
/* End PBXGroup section */

/* Begin PBXNativeTarget section */
		8157DEA827B458A500652B59 /* RockPaperScissors */ = {
			isa = PBXNativeTarget;
			buildConfigurationList = 8157DEB727B458A600652B59 /* Build configuration list for PBXNativeTarget "RockPaperScissors" */;
			buildPhases = (
				8157DEA527B458A500652B59 /* Sources */,
				8157DEA627B458A500652B59 /* Frameworks */,
				8157DEA727B458A500652B59 /* Resources */,
			);
			buildRules = (
			);
			dependencies = (
			);
			name = RockPaperScissors;
			productName = RockPaperScissors;
			productReference = 8157DEA927B458A500652B59 /* RockPaper.app */;
			productType = "com.apple.product-type.application";
		};
/* End PBXNativeTarget section */

/* Begin PBXProject section */
		8157DEA127B458A500652B59 /* Project object */ = {
			isa = PBXProject;
			attributes = {
				BuildIndependentTargetsInParallel = 1;
				LastSwiftUpdateCheck = 1320;
				LastUpgradeCheck = 1320;
				TargetAttributes = {
					8157DEA827B458A500652B59 = {
						CreatedOnToolsVersion = 13.2.1;
					};
				};
			};
			buildConfigurationList = 8157DEA427B458A500652B59 /* Build configuration list for PBXProject "RockPaperScissors" */;
			compatibilityVersion = "Xcode 13.0";
			developmentRegion = en;
			hasScannedForEncodings = 0;
			knownRegions = (
				en,
				Base,
			);
			mainGroup = 8157DEA027B458A500652B59;
			productRefGroup = 8157DEAA27B458A500652B59 /* Products */;
			projectDirPath = "";
			projectRoot = "";
			targets = (
				8157DEA827B458A500652B59 /* RockPaperScissors */,
			);
		};
/* End PBXProject section */

/* Begin PBXResourcesBuildPhase section */
		8157DEA727B458A500652B59 /* Resources */ = {
			isa = PBXResourcesBuildPhase;
			buildActionMask = 2147483647;
			files = (
				816D77E327B7037300E22E65 /* LaunchScreen.storyboard in Resources */,
				8157DEB427B458A600652B59 /* Preview Assets.xcassets in Resources */,
				8157DEB127B458A600652B59 /* Assets.xcassets in Resources */,
			);
			runOnlyForDeploymentPostprocessing = 0;
		};
/* End PBXResourcesBuildPhase section */

/* Begin PBXSourcesBuildPhase section */
		8157DEA527B458A500652B59 /* Sources */ = {
			isa = PBXSourcesBuildPhase;
			buildActionMask = 2147483647;
			files = (
				8157DEC727B5C81A00652B59 /* Enums&Structs.swift in Sources */,
				816D77E527B8018700E22E65 /* InitialGameView.swift in Sources */,
				816D77DD27B6BAF300E22E65 /* ContentModel.swift in Sources */,
				816D77DF27B6E18700E22E65 /* Double.swift in Sources */,
				816D77E727B804A700E22E65 /* Modifiers.swift in Sources */,
				8157DEC327B5B32C00652B59 /* ResultMessageView.swift in Sources */,
				8157DEAF27B458A500652B59 /* ContentView.swift in Sources */,
				8157DEBF27B4654200652B59 /* Image.swift in Sources */,
				8157DEC127B5918500652B59 /* Color.swift in Sources */,
				816D77E927B805C900E22E65 /* View.swift in Sources */,
				8157DEAD27B458A500652B59 /* RockPaperScissorsApp.swift in Sources */,
			);
			runOnlyForDeploymentPostprocessing = 0;
		};
/* End PBXSourcesBuildPhase section */

/* Begin XCBuildConfiguration section */
		8157DEB527B458A600652B59 /* Debug */ = {
			isa = XCBuildConfiguration;
			buildSettings = {
				ALWAYS_SEARCH_USER_PATHS = NO;
				CLANG_ANALYZER_NONNULL = YES;
				CLANG_ANALYZER_NUMBER_OBJECT_CONVERSION = YES_AGGRESSIVE;
				CLANG_CXX_LANGUAGE_STANDARD = "gnu++17";
				CLANG_CXX_LIBRARY = "libc++";
				CLANG_ENABLE_MODULES = YES;
				CLANG_ENABLE_OBJC_ARC = YES;
				CLANG_ENABLE_OBJC_WEAK = YES;
				CLANG_WARN_BLOCK_CAPTURE_AUTORELEASING = YES;
				CLANG_WARN_BOOL_CONVERSION = YES;
				CLANG_WARN_COMMA = YES;
				CLANG_WARN_CONSTANT_CONVERSION = YES;
				CLANG_WARN_DEPRECATED_OBJC_IMPLEMENTATIONS = YES;
				CLANG_WARN_DIRECT_OBJC_ISA_USAGE = YES_ERROR;
				CLANG_WARN_DOCUMENTATION_COMMENTS = YES;
				CLANG_WARN_EMPTY_BODY = YES;
				CLANG_WARN_ENUM_CONVERSION = YES;
				CLANG_WARN_INFINITE_RECURSION = YES;
				CLANG_WARN_INT_CONVERSION = YES;
				CLANG_WARN_NON_LITERAL_NULL_CONVERSION = YES;
				CLANG_WARN_OBJC_IMPLICIT_RETAIN_SELF = YES;
				CLANG_WARN_OBJC_LITERAL_CONVERSION = YES;
				CLANG_WARN_OBJC_ROOT_CLASS = YES_ERROR;
				CLANG_WARN_QUOTED_INCLUDE_IN_FRAMEWORK_HEADER = YES;
				CLANG_WARN_RANGE_LOOP_ANALYSIS = YES;
				CLANG_WARN_STRICT_PROTOTYPES = YES;
				CLANG_WARN_SUSPICIOUS_MOVE = YES;
				CLANG_WARN_UNGUARDED_AVAILABILITY = YES_AGGRESSIVE;
				CLANG_WARN_UNREACHABLE_CODE = YES;
				CLANG_WARN__DUPLICATE_METHOD_MATCH = YES;
				COPY_PHASE_STRIP = NO;
				DEBUG_INFORMATION_FORMAT = dwarf;
				ENABLE_STRICT_OBJC_MSGSEND = YES;
				ENABLE_TESTABILITY = YES;
				GCC_C_LANGUAGE_STANDARD = gnu11;
				GCC_DYNAMIC_NO_PIC = NO;
				GCC_NO_COMMON_BLOCKS = YES;
				GCC_OPTIMIZATION_LEVEL = 0;
				GCC_PREPROCESSOR_DEFINITIONS = (
					"DEBUG=1",
					"$(inherited)",
				);
				GCC_WARN_64_TO_32_BIT_CONVERSION = YES;
				GCC_WARN_ABOUT_RETURN_TYPE = YES_ERROR;
				GCC_WARN_UNDECLARED_SELECTOR = YES;
				GCC_WARN_UNINITIALIZED_AUTOS = YES_AGGRESSIVE;
				GCC_WARN_UNUSED_FUNCTION = YES;
				GCC_WARN_UNUSED_VARIABLE = YES;
				IPHONEOS_DEPLOYMENT_TARGET = 15.2;
				MTL_ENABLE_DEBUG_INFO = INCLUDE_SOURCE;
				MTL_FAST_MATH = YES;
				ONLY_ACTIVE_ARCH = YES;
				SDKROOT = iphoneos;
				SWIFT_ACTIVE_COMPILATION_CONDITIONS = DEBUG;
				SWIFT_OPTIMIZATION_LEVEL = "-Onone";
			};
			name = Debug;
		};
		8157DEB627B458A600652B59 /* Release */ = {
			isa = XCBuildConfiguration;
			buildSettings = {
				ALWAYS_SEARCH_USER_PATHS = NO;
				CLANG_ANALYZER_NONNULL = YES;
				CLANG_ANALYZER_NUMBER_OBJECT_CONVERSION = YES_AGGRESSIVE;
				CLANG_CXX_LANGUAGE_STANDARD = "gnu++17";
				CLANG_CXX_LIBRARY = "libc++";
				CLANG_ENABLE_MODULES = YES;
				CLANG_ENABLE_OBJC_ARC = YES;
				CLANG_ENABLE_OBJC_WEAK = YES;
				CLANG_WARN_BLOCK_CAPTURE_AUTORELEASING = YES;
				CLANG_WARN_BOOL_CONVERSION = YES;
				CLANG_WARN_COMMA = YES;
				CLANG_WARN_CONSTANT_CONVERSION = YES;
				CLANG_WARN_DEPRECATED_OBJC_IMPLEMENTATIONS = YES;
				CLANG_WARN_DIRECT_OBJC_ISA_USAGE = YES_ERROR;
				CLANG_WARN_DOCUMENTATION_COMMENTS = YES;
				CLANG_WARN_EMPTY_BODY = YES;
				CLANG_WARN_ENUM_CONVERSION = YES;
				CLANG_WARN_INFINITE_RECURSION = YES;
				CLANG_WARN_INT_CONVERSION = YES;
				CLANG_WARN_NON_LITERAL_NULL_CONVERSION = YES;
				CLANG_WARN_OBJC_IMPLICIT_RETAIN_SELF = YES;
				CLANG_WARN_OBJC_LITERAL_CONVERSION = YES;
				CLANG_WARN_OBJC_ROOT_CLASS = YES_ERROR;
				CLANG_WARN_QUOTED_INCLUDE_IN_FRAMEWORK_HEADER = YES;
				CLANG_WARN_RANGE_LOOP_ANALYSIS = YES;
				CLANG_WARN_STRICT_PROTOTYPES = YES;
				CLANG_WARN_SUSPICIOUS_MOVE = YES;
				CLANG_WARN_UNGUARDED_AVAILABILITY = YES_AGGRESSIVE;
				CLANG_WARN_UNREACHABLE_CODE = YES;
				CLANG_WARN__DUPLICATE_METHOD_MATCH = YES;
				COPY_PHASE_STRIP = NO;
				DEBUG_INFORMATION_FORMAT = "dwarf-with-dsym";
				ENABLE_NS_ASSERTIONS = NO;
				ENABLE_STRICT_OBJC_MSGSEND = YES;
				GCC_C_LANGUAGE_STANDARD = gnu11;
				GCC_NO_COMMON_BLOCKS = YES;
				GCC_WARN_64_TO_32_BIT_CONVERSION = YES;
				GCC_WARN_ABOUT_RETURN_TYPE = YES_ERROR;
				GCC_WARN_UNDECLARED_SELECTOR = YES;
				GCC_WARN_UNINITIALIZED_AUTOS = YES_AGGRESSIVE;
				GCC_WARN_UNUSED_FUNCTION = YES;
				GCC_WARN_UNUSED_VARIABLE = YES;
				IPHONEOS_DEPLOYMENT_TARGET = 15.2;
				MTL_ENABLE_DEBUG_INFO = NO;
				MTL_FAST_MATH = YES;
				SDKROOT = iphoneos;
				SWIFT_COMPILATION_MODE = wholemodule;
				SWIFT_OPTIMIZATION_LEVEL = "-O";
				VALIDATE_PRODUCT = YES;
			};
			name = Release;
		};
		8157DEB827B458A600652B59 /* Debug */ = {
			isa = XCBuildConfiguration;
			buildSettings = {
				ASSETCATALOG_COMPILER_APPICON_NAME = AppIcon;
				ASSETCATALOG_COMPILER_GLOBAL_ACCENT_COLOR_NAME = AccentColor;
				CODE_SIGN_STYLE = Automatic;
				CURRENT_PROJECT_VERSION = 1;
				DEVELOPMENT_ASSET_PATHS = "\"RockPaperScissors/Preview Content\"";
				DEVELOPMENT_TEAM = 8RKLM75R2Q;
				ENABLE_PREVIEWS = YES;
				GENERATE_INFOPLIST_FILE = YES;
				INFOPLIST_KEY_UIApplicationSceneManifest_Generation = YES;
				INFOPLIST_KEY_UIApplicationSupportsIndirectInputEvents = YES;
				INFOPLIST_KEY_UILaunchScreen_Generation = YES;
				INFOPLIST_KEY_UILaunchStoryboardName = LaunchScreen;
				INFOPLIST_KEY_UISupportedInterfaceOrientations = UIInterfaceOrientationPortrait;
				INFOPLIST_KEY_UISupportedInterfaceOrientations_iPad = "UIInterfaceOrientationPortrait UIInterfaceOrientationPortraitUpsideDown UIInterfaceOrientationLandscapeLeft UIInterfaceOrientationLandscapeRight";
				INFOPLIST_KEY_UISupportedInterfaceOrientations_iPhone = "UIInterfaceOrientationPortrait UIInterfaceOrientationLandscapeLeft UIInterfaceOrientationLandscapeRight";
				IPHONEOS_DEPLOYMENT_TARGET = 15.0;
				LD_RUNPATH_SEARCH_PATHS = (
					"$(inherited)",
					"@executable_path/Frameworks",
				);
				MARKETING_VERSION = 1.0;
				PRODUCT_BUNDLE_IDENTIFIER = com.andresraigoza.RockPaperScissors;
				PRODUCT_NAME = RockPaper;
				SWIFT_EMIT_LOC_STRINGS = YES;
				SWIFT_VERSION = 5.0;
				TARGETED_DEVICE_FAMILY = 1;
			};
			name = Debug;
		};
		8157DEB927B458A600652B59 /* Release */ = {
			isa = XCBuildConfiguration;
			buildSettings = {
				ASSETCATALOG_COMPILER_APPICON_NAME = AppIcon;
				ASSETCATALOG_COMPILER_GLOBAL_ACCENT_COLOR_NAME = AccentColor;
				CODE_SIGN_STYLE = Automatic;
				CURRENT_PROJECT_VERSION = 1;
				DEVELOPMENT_ASSET_PATHS = "\"RockPaperScissors/Preview Content\"";
				DEVELOPMENT_TEAM = 8RKLM75R2Q;
				ENABLE_PREVIEWS = YES;
				GENERATE_INFOPLIST_FILE = YES;
				INFOPLIST_KEY_UIApplicationSceneManifest_Generation = YES;
				INFOPLIST_KEY_UIApplicationSupportsIndirectInputEvents = YES;
				INFOPLIST_KEY_UILaunchScreen_Generation = YES;
				INFOPLIST_KEY_UILaunchStoryboardName = LaunchScreen;
				INFOPLIST_KEY_UISupportedInterfaceOrientations = UIInterfaceOrientationPortrait;
				INFOPLIST_KEY_UISupportedInterfaceOrientations_iPad = "UIInterfaceOrientationPortrait UIInterfaceOrientationPortraitUpsideDown UIInterfaceOrientationLandscapeLeft UIInterfaceOrientationLandscapeRight";
				INFOPLIST_KEY_UISupportedInterfaceOrientations_iPhone = "UIInterfaceOrientationPortrait UIInterfaceOrientationLandscapeLeft UIInterfaceOrientationLandscapeRight";
				IPHONEOS_DEPLOYMENT_TARGET = 15.0;
				LD_RUNPATH_SEARCH_PATHS = (
					"$(inherited)",
					"@executable_path/Frameworks",
				);
				MARKETING_VERSION = 1.0;
				PRODUCT_BUNDLE_IDENTIFIER = com.andresraigoza.RockPaperScissors;
				PRODUCT_NAME = RockPaper;
				SWIFT_EMIT_LOC_STRINGS = YES;
				SWIFT_VERSION = 5.0;
				TARGETED_DEVICE_FAMILY = 1;
			};
			name = Release;
		};
/* End XCBuildConfiguration section */

/* Begin XCConfigurationList section */
		8157DEA427B458A500652B59 /* Build configuration list for PBXProject "RockPaperScissors" */ = {
			isa = XCConfigurationList;
			buildConfigurations = (
				8157DEB527B458A600652B59 /* Debug */,
				8157DEB627B458A600652B59 /* Release */,
			);
			defaultConfigurationIsVisible = 0;
			defaultConfigurationName = Release;
		};
		8157DEB727B458A600652B59 /* Build configuration list for PBXNativeTarget "RockPaperScissors" */ = {
			isa = XCConfigurationList;
			buildConfigurations = (
				8157DEB827B458A600652B59 /* Debug */,
				8157DEB927B458A600652B59 /* Release */,
			);
			defaultConfigurationIsVisible = 0;
			defaultConfigurationName = Release;
		};
/* End XCConfigurationList section */
	};
	rootObject = 8157DEA127B458A500652B59 /* Project object */;
}
